<Solution>
  <Folder Name="/src/">
    <Project Path="src/FussyEaterClub.Api/FussyEaterClub.Api.csproj" />
    <Project Path="src/FussyEaterClub.Api.Tests/FussyEaterClub.Api.Tests.csproj" />
    <Project Path="src/FussyEaterClub.Application/FussyEaterClub.Application.csproj" />
    <Project Path="src/FussyEaterClub.Application.Tests/FussyEaterClub.Application.Tests.csproj" />
    <Project Path="src/FussyEaterClub.Domain/FussyEaterClub.Domain.csproj" />
    <Project Path="src/FussyEaterClub.Domain.Tests/FussyEaterClub.Domain.Tests.csproj" />
    <Project Path="src/FussyEaterClub.Infrastructure/FussyEaterClub.Infrastructure.csproj" />
  </Folder>
  <Folder Name="/tests/">
  </Folder>
</Solution>
